<Solution>
  <Folder Name="/samples/">
    <Project Path="samples/USPS.SampleApp/USPS.SampleApp.csproj" />
  </Folder>
  <Folder Name="/src/">
    <Project Path="src/USPS.AddressValidation/USPS.AddressValidation.csproj" />
  </Folder>
  <Folder Name="/tests/">
    <Project Path="tests/USPS.Tests/USPS.Tests.csproj" />
  </Folder>
</Solution>
